// !$*UTF8*$!
{
	archiveVersion = 1;
	classes = {
	};
	objectVersion = 50;
	objects = {

/* Begin PBXBuildFile section */
		DD1ECCA7279071DA00FFEA09 /* AppDelegate.swift in Sources */ = {isa = PBXBuildFile; fileRef = DD1ECCA6279071DA00FFEA09 /* AppDelegate.swift */; };
		DD1ECCA9279071DA00FFEA09 /* SceneDelegate.swift in Sources */ = {isa = PBXBuildFile; fileRef = DD1ECCA8279071DA00FFEA09 /* SceneDelegate.swift */; };
		DD1ECCAB279071DA00FFEA09 /* ViewController.swift in Sources */ = {isa = PBXBuildFile; fileRef = DD1ECCAA279071DA00FFEA09 /* ViewController.swift */; };
		DD1ECCAE279071DA00FFEA09 /* Main.storyboard in Resources */ = {isa = PBXBuildFile; fileRef = DD1ECCAC279071DA00FFEA09 /* Main.storyboard */; };
		DD1ECCB1279071DA00FFEA09 /* Mock.xcdatamodeld in Sources */ = {isa = PBXBuildFile; fileRef = DD1ECCAF279071DA00FFEA09 /* Mock.xcdatamodeld */; };
		DD1ECCB3279071DD00FFEA09 /* Assets.xcassets in Resources */ = {isa = PBXBuildFile; fileRef = DD1ECCB2279071DD00FFEA09 /* Assets.xcassets */; };
		DD1ECCB6279071DD00FFEA09 /* LaunchScreen.storyboard in Resources */ = {isa = PBXBuildFile; fileRef = DD1ECCB4279071DD00FFEA09 /* LaunchScreen.storyboard */; };
		DD2888222791C2E2006EF98C /* Category+CoreDataProperties.swift in Sources */ = {isa = PBXBuildFile; fileRef = DD2888212791C2E2006EF98C /* Category+CoreDataProperties.swift */; };
		DD2888232791C2E2006EF98C /* Category+CoreDataClass.swift in Sources */ = {isa = PBXBuildFile; fileRef = DD2888202791C2E1006EF98C /* Category+CoreDataClass.swift */; };
		DD465D4527950D1700B6C342 /* Favorite+CoreDataClass.swift in Sources */ = {isa = PBXBuildFile; fileRef = DD465D4327950D1600B6C342 /* Favorite+CoreDataClass.swift */; };
		DD465D4627950D1700B6C342 /* Favorite+CoreDataProperties.swift in Sources */ = {isa = PBXBuildFile; fileRef = DD465D4427950D1600B6C342 /* Favorite+CoreDataProperties.swift */; };
		DD47CEC22796657A00B97144 /* Coinlist+CoreDataClass.swift in Sources */ = {isa = PBXBuildFile; fileRef = DD47CEC02796657A00B97144 /* Coinlist+CoreDataClass.swift */; };
		DD47CEC32796657A00B97144 /* Coinlist+CoreDataProperties.swift in Sources */ = {isa = PBXBuildFile; fileRef = DD47CEC12796657A00B97144 /* Coinlist+CoreDataProperties.swift */; };
		DD47CEC62796AB3500B97144 /* FavoriteViewControl.swift in Sources */ = {isa = PBXBuildFile; fileRef = DD47CEC52796AB3500B97144 /* FavoriteViewControl.swift */; };
		DD47CECE2796B5BC00B97144 /* FavoriteTableViewCell.swift in Sources */ = {isa = PBXBuildFile; fileRef = DD47CECC2796B5BC00B97144 /* FavoriteTableViewCell.swift */; };
		DD47CECF2796B5BC00B97144 /* FavoriteTableViewCell.xib in Resources */ = {isa = PBXBuildFile; fileRef = DD47CECD2796B5BC00B97144 /* FavoriteTableViewCell.xib */; };
		DD47CED92797038A00B97144 /* DescriptionViewController.swift in Sources */ = {isa = PBXBuildFile; fileRef = DD47CED82797038A00B97144 /* DescriptionViewController.swift */; };
		DD6C16BF279278320040E9C0 /* HomeTableViewCell.swift in Sources */ = {isa = PBXBuildFile; fileRef = DD6C16BD279278320040E9C0 /* HomeTableViewCell.swift */; };
		DD6C16C0279278320040E9C0 /* HomeTableViewCell.xib in Resources */ = {isa = PBXBuildFile; fileRef = DD6C16BE279278320040E9C0 /* HomeTableViewCell.xib */; };
		DDA2ED2C279FA6B100344366 /* HomeHeaderTableViewCell.swift in Sources */ = {isa = PBXBuildFile; fileRef = DDA2ED2A279FA6B100344366 /* HomeHeaderTableViewCell.swift */; };
		DDA2ED2D279FA6B100344366 /* HomeHeaderTableViewCell.xib in Resources */ = {isa = PBXBuildFile; fileRef = DDA2ED2B279FA6B100344366 /* HomeHeaderTableViewCell.xib */; };
		F4A2F79761C9831BF4261113 /* Pods_Mock.framework in Frameworks */ = {isa = PBXBuildFile; fileRef = 3B11043CD867633FF731D9E0 /* Pods_Mock.framework */; };
/* End PBXBuildFile section */

/* Begin PBXFileReference section */
		31258190440A0B46E26FCEC1 /* Pods-Mock.release.xcconfig */ = {isa = PBXFileReference; includeInIndex = 1; lastKnownFileType = text.xcconfig; name = "Pods-Mock.release.xcconfig"; path = "Pods/Target Support Files/Pods-Mock/Pods-Mock.release.xcconfig"; sourceTree = "<group>"; };
		3B11043CD867633FF731D9E0 /* Pods_Mock.framework */ = {isa = PBXFileReference; explicitFileType = wrapper.framework; includeInIndex = 0; path = Pods_Mock.framework; sourceTree = BUILT_PRODUCTS_DIR; };
		DD1ECCA3279071DA00FFEA09 /* Mock.app */ = {isa = PBXFileReference; explicitFileType = wrapper.application; includeInIndex = 0; path = Mock.app; sourceTree = BUILT_PRODUCTS_DIR; };
		DD1ECCA6279071DA00FFEA09 /* AppDelegate.swift */ = {isa = PBXFileReference; lastKnownFileType = sourcecode.swift; path = AppDelegate.swift; sourceTree = "<group>"; };
		DD1ECCA8279071DA00FFEA09 /* SceneDelegate.swift */ = {isa = PBXFileReference; lastKnownFileType = sourcecode.swift; path = SceneDelegate.swift; sourceTree = "<group>"; };
		DD1ECCAA279071DA00FFEA09 /* ViewController.swift */ = {isa = PBXFileReference; lastKnownFileType = sourcecode.swift; path = ViewController.swift; sourceTree = "<group>"; };
		DD1ECCAD279071DA00FFEA09 /* Base */ = {isa = PBXFileReference; lastKnownFileType = file.storyboard; name = Base; path = Base.lproj/Main.storyboard; sourceTree = "<group>"; };
		DD1ECCB0279071DA00FFEA09 /* Mock.xcdatamodel */ = {isa = PBXFileReference; lastKnownFileType = wrapper.xcdatamodel; path = Mock.xcdatamodel; sourceTree = "<group>"; };
		DD1ECCB2279071DD00FFEA09 /* Assets.xcassets */ = {isa = PBXFileReference; lastKnownFileType = folder.assetcatalog; path = Assets.xcassets; sourceTree = "<group>"; };
		DD1ECCB5279071DD00FFEA09 /* Base */ = {isa = PBXFileReference; lastKnownFileType = file.storyboard; name = Base; path = Base.lproj/LaunchScreen.storyboard; sourceTree = "<group>"; };
		DD1ECCB7279071DD00FFEA09 /* Info.plist */ = {isa = PBXFileReference; lastKnownFileType = text.plist.xml; path = Info.plist; sourceTree = "<group>"; };
		DD2888202791C2E1006EF98C /* Category+CoreDataClass.swift */ = {isa = PBXFileReference; lastKnownFileType = sourcecode.swift; name = "Category+CoreDataClass.swift"; path = "/Users/dautt1/Desktop/MAD_ST_P1_DauTT1/Mock/Mock/Category+CoreDataClass.swift"; sourceTree = "<absolute>"; };
		DD2888212791C2E2006EF98C /* Category+CoreDataProperties.swift */ = {isa = PBXFileReference; lastKnownFileType = sourcecode.swift; name = "Category+CoreDataProperties.swift"; path = "/Users/dautt1/Desktop/MAD_ST_P1_DauTT1/Mock/Mock/Category+CoreDataProperties.swift"; sourceTree = "<absolute>"; };
		DD465D4327950D1600B6C342 /* Favorite+CoreDataClass.swift */ = {isa = PBXFileReference; lastKnownFileType = sourcecode.swift; name = "Favorite+CoreDataClass.swift"; path = "/Users/dautt1/Desktop/MAD_ST_P1_DauTT1/Mock/Mock/CategoryAndCoinlistItem/Favorite+CoreDataClass.swift"; sourceTree = "<absolute>"; };
		DD465D4427950D1600B6C342 /* Favorite+CoreDataProperties.swift */ = {isa = PBXFileReference; lastKnownFileType = sourcecode.swift; name = "Favorite+CoreDataProperties.swift"; path = "/Users/dautt1/Desktop/MAD_ST_P1_DauTT1/Mock/Mock/CategoryAndCoinlistItem/Favorite+CoreDataProperties.swift"; sourceTree = "<absolute>"; };
		DD47CEC02796657A00B97144 /* Coinlist+CoreDataClass.swift */ = {isa = PBXFileReference; lastKnownFileType = sourcecode.swift; name = "Coinlist+CoreDataClass.swift"; path = "/Users/dautt1/Desktop/MAD_ST_P1_DauTT1/Mock/Mock/CategoryAndCoinlistItem/Coinlist+CoreDataClass.swift"; sourceTree = "<absolute>"; };
		DD47CEC12796657A00B97144 /* Coinlist+CoreDataProperties.swift */ = {isa = PBXFileReference; lastKnownFileType = sourcecode.swift; name = "Coinlist+CoreDataProperties.swift"; path = "/Users/dautt1/Desktop/MAD_ST_P1_DauTT1/Mock/Mock/CategoryAndCoinlistItem/Coinlist+CoreDataProperties.swift"; sourceTree = "<absolute>"; };
		DD47CEC52796AB3500B97144 /* FavoriteViewControl.swift */ = {isa = PBXFileReference; lastKnownFileType = sourcecode.swift; path = FavoriteViewControl.swift; sourceTree = "<group>"; };
		DD47CECC2796B5BC00B97144 /* FavoriteTableViewCell.swift */ = {isa = PBXFileReference; lastKnownFileType = sourcecode.swift; path = FavoriteTableViewCell.swift; sourceTree = "<group>"; };
		DD47CECD2796B5BC00B97144 /* FavoriteTableViewCell.xib */ = {isa = PBXFileReference; lastKnownFileType = file.xib; path = FavoriteTableViewCell.xib; sourceTree = "<group>"; };
		DD47CED82797038A00B97144 /* DescriptionViewController.swift */ = {isa = PBXFileReference; lastKnownFileType = sourcecode.swift; path = DescriptionViewController.swift; sourceTree = "<group>"; };
		DD6C16BD279278320040E9C0 /* HomeTableViewCell.swift */ = {isa = PBXFileReference; lastKnownFileType = sourcecode.swift; path = HomeTableViewCell.swift; sourceTree = "<group>"; };
		DD6C16BE279278320040E9C0 /* HomeTableViewCell.xib */ = {isa = PBXFileReference; lastKnownFileType = file.xib; path = HomeTableViewCell.xib; sourceTree = "<group>"; };
		DDA2ED2A279FA6B100344366 /* HomeHeaderTableViewCell.swift */ = {isa = PBXFileReference; lastKnownFileType = sourcecode.swift; path = HomeHeaderTableViewCell.swift; sourceTree = "<group>"; };
		DDA2ED2B279FA6B100344366 /* HomeHeaderTableViewCell.xib */ = {isa = PBXFileReference; lastKnownFileType = file.xib; path = HomeHeaderTableViewCell.xib; sourceTree = "<group>"; };
		EC34889FCE03CE8458BB3E28 /* Pods-Mock.debug.xcconfig */ = {isa = PBXFileReference; includeInIndex = 1; lastKnownFileType = text.xcconfig; name = "Pods-Mock.debug.xcconfig"; path = "Pods/Target Support Files/Pods-Mock/Pods-Mock.debug.xcconfig"; sourceTree = "<group>"; };
/* End PBXFileReference section */

/* Begin PBXFrameworksBuildPhase section */
		DD1ECCA0279071DA00FFEA09 /* Frameworks */ = {
			isa = PBXFrameworksBuildPhase;
			buildActionMask = 2147483647;
			files = (
				F4A2F79761C9831BF4261113 /* Pods_Mock.framework in Frameworks */,
			);
			runOnlyForDeploymentPostprocessing = 0;
		};
/* End PBXFrameworksBuildPhase section */

/* Begin PBXGroup section */
		CE3959C1CA1BF5D77B57437F /* Pods */ = {
			isa = PBXGroup;
			children = (
				EC34889FCE03CE8458BB3E28 /* Pods-Mock.debug.xcconfig */,
				31258190440A0B46E26FCEC1 /* Pods-Mock.release.xcconfig */,
			);
			name = Pods;
			sourceTree = "<group>";
		};
		DD1ECC9A279071DA00FFEA09 = {
			isa = PBXGroup;
			children = (
				DD1ECCA5279071DA00FFEA09 /* Mock */,
				DD1ECCA4279071DA00FFEA09 /* Products */,
				CE3959C1CA1BF5D77B57437F /* Pods */,
				FF781162CCC39470EAD21758 /* Frameworks */,
			);
			sourceTree = "<group>";
		};
		DD1ECCA4279071DA00FFEA09 /* Products */ = {
			isa = PBXGroup;
			children = (
				DD1ECCA3279071DA00FFEA09 /* Mock.app */,
			);
			name = Products;
			sourceTree = "<group>";
		};
		DD1ECCA5279071DA00FFEA09 /* Mock */ = {
			isa = PBXGroup;
			children = (
				DD47CEC82796AB3F00B97144 /* SubViewController */,
				DD6C16BA279273630040E9C0 /* HomeCell */,
				DD2888292791C2F9006EF98C /* CategoryAndCoinlistItem */,
				DD1ECCA6279071DA00FFEA09 /* AppDelegate.swift */,
				DD1ECCA8279071DA00FFEA09 /* SceneDelegate.swift */,
				DD1ECCAA279071DA00FFEA09 /* ViewController.swift */,
				DD1ECCAC279071DA00FFEA09 /* Main.storyboard */,
				DD1ECCB2279071DD00FFEA09 /* Assets.xcassets */,
				DD1ECCB4279071DD00FFEA09 /* LaunchScreen.storyboard */,
				DD1ECCB7279071DD00FFEA09 /* Info.plist */,
				DD1ECCAF279071DA00FFEA09 /* Mock.xcdatamodeld */,
			);
			path = Mock;
			sourceTree = "<group>";
		};
		DD2888292791C2F9006EF98C /* CategoryAndCoinlistItem */ = {
			isa = PBXGroup;
			children = (
				DD47CEC02796657A00B97144 /* Coinlist+CoreDataClass.swift */,
				DD47CEC12796657A00B97144 /* Coinlist+CoreDataProperties.swift */,
				DD465D4327950D1600B6C342 /* Favorite+CoreDataClass.swift */,
				DD465D4427950D1600B6C342 /* Favorite+CoreDataProperties.swift */,
				DD2888202791C2E1006EF98C /* Category+CoreDataClass.swift */,
				DD2888212791C2E2006EF98C /* Category+CoreDataProperties.swift */,
			);
			path = CategoryAndCoinlistItem;
			sourceTree = "<group>";
		};
		DD47CEC82796AB3F00B97144 /* SubViewController */ = {
			isa = PBXGroup;
			children = (
				DD47CED82797038A00B97144 /* DescriptionViewController.swift */,
				DD47CEC52796AB3500B97144 /* FavoriteViewControl.swift */,
				DD47CED12796B5D000B97144 /* FavoriteCell */,
			);
			path = SubViewController;
			sourceTree = "<group>";
		};
		DD47CED12796B5D000B97144 /* FavoriteCell */ = {
			isa = PBXGroup;
			children = (
				DD47CECC2796B5BC00B97144 /* FavoriteTableViewCell.swift */,
				DD47CECD2796B5BC00B97144 /* FavoriteTableViewCell.xib */,
			);
			path = FavoriteCell;
			sourceTree = "<group>";
		};
		DD6C16BA279273630040E9C0 /* HomeCell */ = {
			isa = PBXGroup;
			children = (
				DDA2ED2A279FA6B100344366 /* HomeHeaderTableViewCell.swift */,
				DDA2ED2B279FA6B100344366 /* HomeHeaderTableViewCell.xib */,
				DD6C16BD279278320040E9C0 /* HomeTableViewCell.swift */,
				DD6C16BE279278320040E9C0 /* HomeTableViewCell.xib */,
			);
			path = HomeCell;
			sourceTree = "<group>";
		};
		FF781162CCC39470EAD21758 /* Frameworks */ = {
			isa = PBXGroup;
			children = (
				3B11043CD867633FF731D9E0 /* Pods_Mock.framework */,
			);
			name = Frameworks;
			sourceTree = "<group>";
		};
/* End PBXGroup section */

/* Begin PBXNativeTarget section */
		DD1ECCA2279071DA00FFEA09 /* Mock */ = {
			isa = PBXNativeTarget;
			buildConfigurationList = DD1ECCBA279071DD00FFEA09 /* Build configuration list for PBXNativeTarget "Mock" */;
			buildPhases = (
				5106CF287997E161B6354CD4 /* [CP] Check Pods Manifest.lock */,
				DD1ECC9F279071DA00FFEA09 /* Sources */,
				DD1ECCA0279071DA00FFEA09 /* Frameworks */,
				DD1ECCA1279071DA00FFEA09 /* Resources */,
				3C49C10CE1E94A80A57DB52C /* [CP] Embed Pods Frameworks */,
			);
			buildRules = (
			);
			dependencies = (
			);
			name = Mock;
			productName = Mock;
			productReference = DD1ECCA3279071DA00FFEA09 /* Mock.app */;
			productType = "com.apple.product-type.application";
		};
/* End PBXNativeTarget section */

/* Begin PBXProject section */
		DD1ECC9B279071DA00FFEA09 /* Project object */ = {
			isa = PBXProject;
			attributes = {
				LastSwiftUpdateCheck = 1200;
				LastUpgradeCheck = 1200;
				TargetAttributes = {
					DD1ECCA2279071DA00FFEA09 = {
						CreatedOnToolsVersion = 12.0;
					};
				};
			};
			buildConfigurationList = DD1ECC9E279071DA00FFEA09 /* Build configuration list for PBXProject "Mock" */;
			compatibilityVersion = "Xcode 9.3";
			developmentRegion = en;
			hasScannedForEncodings = 0;
			knownRegions = (
				en,
				Base,
			);
			mainGroup = DD1ECC9A279071DA00FFEA09;
			productRefGroup = DD1ECCA4279071DA00FFEA09 /* Products */;
			projectDirPath = "";
			projectRoot = "";
			targets = (
				DD1ECCA2279071DA00FFEA09 /* Mock */,
			);
		};
/* End PBXProject section */

/* Begin PBXResourcesBuildPhase section */
		DD1ECCA1279071DA00FFEA09 /* Resources */ = {
			isa = PBXResourcesBuildPhase;
			buildActionMask = 2147483647;
			files = (
				DD1ECCB6279071DD00FFEA09 /* LaunchScreen.storyboard in Resources */,
				DD1ECCB3279071DD00FFEA09 /* Assets.xcassets in Resources */,
				DD47CECF2796B5BC00B97144 /* FavoriteTableViewCell.xib in Resources */,
				DD6C16C0279278320040E9C0 /* HomeTableViewCell.xib in Resources */,
				DD1ECCAE279071DA00FFEA09 /* Main.storyboard in Resources */,
				DDA2ED2D279FA6B100344366 /* HomeHeaderTableViewCell.xib in Resources */,
			);
			runOnlyForDeploymentPostprocessing = 0;
		};
/* End PBXResourcesBuildPhase section */

/* Begin PBXShellScriptBuildPhase section */
		3C49C10CE1E94A80A57DB52C /* [CP] Embed Pods Frameworks */ = {
			isa = PBXShellScriptBuildPhase;
			buildActionMask = 2147483647;
			files = (
			);
			inputPaths = (
				"${SRCROOT}/Pods/Target Support Files/Pods-Mock/Pods-Mock-frameworks.sh",
				"${BUILT_PRODUCTS_DIR}/Alamofire/Alamofire.framework",
				"${BUILT_PRODUCTS_DIR}/SDWebImage/SDWebImage.framework",
			);
			name = "[CP] Embed Pods Frameworks";
			outputPaths = (
				"${TARGET_BUILD_DIR}/${FRAMEWORKS_FOLDER_PATH}/Alamofire.framework",
				"${TARGET_BUILD_DIR}/${FRAMEWORKS_FOLDER_PATH}/SDWebImage.framework",
			);
			runOnlyForDeploymentPostprocessing = 0;
			shellPath = /bin/sh;
			shellScript = "\"${SRCROOT}/Pods/Target Support Files/Pods-Mock/Pods-Mock-frameworks.sh\"\n";
			showEnvVarsInLog = 0;
		};
		5106CF287997E161B6354CD4 /* [CP] Check Pods Manifest.lock */ = {
			isa = PBXShellScriptBuildPhase;
			buildActionMask = 2147483647;
			files = (
			);
			inputPaths = (
				"${PODS_PODFILE_DIR_PATH}/Podfile.lock",
				"${PODS_ROOT}/Manifest.lock",
			);
			name = "[CP] Check Pods Manifest.lock";
			outputPaths = (
				"$(DERIVED_FILE_DIR)/Pods-Mock-checkManifestLockResult.txt",
			);
			runOnlyForDeploymentPostprocessing = 0;
			shellPath = /bin/sh;
			shellScript = "diff \"${PODS_PODFILE_DIR_PATH}/Podfile.lock\" \"${PODS_ROOT}/Manifest.lock\" > /dev/null\nif [ $? != 0 ] ; then\n    # print error to STDERR\n    echo \"error: The sandbox is not in sync with the Podfile.lock. Run 'pod install' or update your CocoaPods installation.\" >&2\n    exit 1\nfi\n# This output is used by Xcode 'outputs' to avoid re-running this script phase.\necho \"SUCCESS\" > \"${SCRIPT_OUTPUT_FILE_0}\"\n";
			showEnvVarsInLog = 0;
		};
/* End PBXShellScriptBuildPhase section */

/* Begin PBXSourcesBuildPhase section */
		DD1ECC9F279071DA00FFEA09 /* Sources */ = {
			isa = PBXSourcesBuildPhase;
			buildActionMask = 2147483647;
			files = (
				DD465D4627950D1700B6C342 /* Favorite+CoreDataProperties.swift in Sources */,
				DD47CED92797038A00B97144 /* DescriptionViewController.swift in Sources */,
				DD1ECCAB279071DA00FFEA09 /* ViewController.swift in Sources */,
				DD47CEC22796657A00B97144 /* Coinlist+CoreDataClass.swift in Sources */,
				DD2888222791C2E2006EF98C /* Category+CoreDataProperties.swift in Sources */,
				DD2888232791C2E2006EF98C /* Category+CoreDataClass.swift in Sources */,
				DD47CEC32796657A00B97144 /* Coinlist+CoreDataProperties.swift in Sources */,
				DD1ECCA7279071DA00FFEA09 /* AppDelegate.swift in Sources */,
				DD47CECE2796B5BC00B97144 /* FavoriteTableViewCell.swift in Sources */,
				DD1ECCA9279071DA00FFEA09 /* SceneDelegate.swift in Sources */,
				DD47CEC62796AB3500B97144 /* FavoriteViewControl.swift in Sources */,
				DDA2ED2C279FA6B100344366 /* HomeHeaderTableViewCell.swift in Sources */,
				DD6C16BF279278320040E9C0 /* HomeTableViewCell.swift in Sources */,
				DD465D4527950D1700B6C342 /* Favorite+CoreDataClass.swift in Sources */,
				DD1ECCB1279071DA00FFEA09 /* Mock.xcdatamodeld in Sources */,
			);
			runOnlyForDeploymentPostprocessing = 0;
		};
/* End PBXSourcesBuildPhase section */

/* Begin PBXVariantGroup section */
		DD1ECCAC279071DA00FFEA09 /* Main.storyboard */ = {
			isa = PBXVariantGroup;
			children = (
				DD1ECCAD279071DA00FFEA09 /* Base */,
			);
			name = Main.storyboard;
			sourceTree = "<group>";
		};
		DD1ECCB4279071DD00FFEA09 /* LaunchScreen.storyboard */ = {
			isa = PBXVariantGroup;
			children = (
				DD1ECCB5279071DD00FFEA09 /* Base */,
			);
			name = LaunchScreen.storyboard;
			sourceTree = "<group>";
		};
/* End PBXVariantGroup section */

/* Begin XCBuildConfiguration section */
		DD1ECCB8279071DD00FFEA09 /* Debug */ = {
			isa = XCBuildConfiguration;
			buildSettings = {
				ALWAYS_SEARCH_USER_PATHS = NO;
				CLANG_ANALYZER_NONNULL = YES;
				CLANG_ANALYZER_NUMBER_OBJECT_CONVERSION = YES_AGGRESSIVE;
				CLANG_CXX_LANGUAGE_STANDARD = "gnu++14";
				CLANG_CXX_LIBRARY = "libc++";
				CLANG_ENABLE_MODULES = YES;
				CLANG_ENABLE_OBJC_ARC = YES;
				CLANG_ENABLE_OBJC_WEAK = YES;
				CLANG_WARN_BLOCK_CAPTURE_AUTORELEASING = YES;
				CLANG_WARN_BOOL_CONVERSION = YES;
				CLANG_WARN_COMMA = YES;
				CLANG_WARN_CONSTANT_CONVERSION = YES;
				CLANG_WARN_DEPRECATED_OBJC_IMPLEMENTATIONS = YES;
				CLANG_WARN_DIRECT_OBJC_ISA_USAGE = YES_ERROR;
				CLANG_WARN_DOCUMENTATION_COMMENTS = YES;
				CLANG_WARN_EMPTY_BODY = YES;
				CLANG_WARN_ENUM_CONVERSION = YES;
				CLANG_WARN_INFINITE_RECURSION = YES;
				CLANG_WARN_INT_CONVERSION = YES;
				CLANG_WARN_NON_LITERAL_NULL_CONVERSION = YES;
				CLANG_WARN_OBJC_IMPLICIT_RETAIN_SELF = YES;
				CLANG_WARN_OBJC_LITERAL_CONVERSION = YES;
				CLANG_WARN_OBJC_ROOT_CLASS = YES_ERROR;
				CLANG_WARN_QUOTED_INCLUDE_IN_FRAMEWORK_HEADER = YES;
				CLANG_WARN_RANGE_LOOP_ANALYSIS = YES;
				CLANG_WARN_STRICT_PROTOTYPES = YES;
				CLANG_WARN_SUSPICIOUS_MOVE = YES;
				CLANG_WARN_UNGUARDED_AVAILABILITY = YES_AGGRESSIVE;
				CLANG_WARN_UNREACHABLE_CODE = YES;
				CLANG_WARN__DUPLICATE_METHOD_MATCH = YES;
				COPY_PHASE_STRIP = NO;
				DEBUG_INFORMATION_FORMAT = dwarf;
				ENABLE_STRICT_OBJC_MSGSEND = YES;
				ENABLE_TESTABILITY = YES;
				GCC_C_LANGUAGE_STANDARD = gnu11;
				GCC_DYNAMIC_NO_PIC = NO;
				GCC_NO_COMMON_BLOCKS = YES;
				GCC_OPTIMIZATION_LEVEL = 0;
				GCC_PREPROCESSOR_DEFINITIONS = (
					"DEBUG=1",
					"$(inherited)",
				);
				GCC_WARN_64_TO_32_BIT_CONVERSION = YES;
				GCC_WARN_ABOUT_RETURN_TYPE = YES_ERROR;
				GCC_WARN_UNDECLARED_SELECTOR = YES;
				GCC_WARN_UNINITIALIZED_AUTOS = YES_AGGRESSIVE;
				GCC_WARN_UNUSED_FUNCTION = YES;
				GCC_WARN_UNUSED_VARIABLE = YES;
				IPHONEOS_DEPLOYMENT_TARGET = 14.0;
				MTL_ENABLE_DEBUG_INFO = INCLUDE_SOURCE;
				MTL_FAST_MATH = YES;
				ONLY_ACTIVE_ARCH = YES;
				SDKROOT = iphoneos;
				SWIFT_ACTIVE_COMPILATION_CONDITIONS = DEBUG;
				SWIFT_OPTIMIZATION_LEVEL = "-Onone";
			};
			name = Debug;
		};
		DD1ECCB9279071DD00FFEA09 /* Release */ = {
			isa = XCBuildConfiguration;
			buildSettings = {
				ALWAYS_SEARCH_USER_PATHS = NO;
				CLANG_ANALYZER_NONNULL = YES;
				CLANG_ANALYZER_NUMBER_OBJECT_CONVERSION = YES_AGGRESSIVE;
				CLANG_CXX_LANGUAGE_STANDARD = "gnu++14";
				CLANG_CXX_LIBRARY = "libc++";
				CLANG_ENABLE_MODULES = YES;
				CLANG_ENABLE_OBJC_ARC = YES;
				CLANG_ENABLE_OBJC_WEAK = YES;
				CLANG_WARN_BLOCK_CAPTURE_AUTORELEASING = YES;
				CLANG_WARN_BOOL_CONVERSION = YES;
				CLANG_WARN_COMMA = YES;
				CLANG_WARN_CONSTANT_CONVERSION = YES;
				CLANG_WARN_DEPRECATED_OBJC_IMPLEMENTATIONS = YES;
				CLANG_WARN_DIRECT_OBJC_ISA_USAGE = YES_ERROR;
				CLANG_WARN_DOCUMENTATION_COMMENTS = YES;
				CLANG_WARN_EMPTY_BODY = YES;
				CLANG_WARN_ENUM_CONVERSION = YES;
				CLANG_WARN_INFINITE_RECURSION = YES;
				CLANG_WARN_INT_CONVERSION = YES;
				CLANG_WARN_NON_LITERAL_NULL_CONVERSION = YES;
				CLANG_WARN_OBJC_IMPLICIT_RETAIN_SELF = YES;
				CLANG_WARN_OBJC_LITERAL_CONVERSION = YES;
				CLANG_WARN_OBJC_ROOT_CLASS = YES_ERROR;
				CLANG_WARN_QUOTED_INCLUDE_IN_FRAMEWORK_HEADER = YES;
				CLANG_WARN_RANGE_LOOP_ANALYSIS = YES;
				CLANG_WARN_STRICT_PROTOTYPES = YES;
				CLANG_WARN_SUSPICIOUS_MOVE = YES;
				CLANG_WARN_UNGUARDED_AVAILABILITY = YES_AGGRESSIVE;
				CLANG_WARN_UNREACHABLE_CODE = YES;
				CLANG_WARN__DUPLICATE_METHOD_MATCH = YES;
				COPY_PHASE_STRIP = NO;
				DEBUG_INFORMATION_FORMAT = "dwarf-with-dsym";
				ENABLE_NS_ASSERTIONS = NO;
				ENABLE_STRICT_OBJC_MSGSEND = YES;
				GCC_C_LANGUAGE_STANDARD = gnu11;
				GCC_NO_COMMON_BLOCKS = YES;
				GCC_WARN_64_TO_32_BIT_CONVERSION = YES;
				GCC_WARN_ABOUT_RETURN_TYPE = YES_ERROR;
				GCC_WARN_UNDECLARED_SELECTOR = YES;
				GCC_WARN_UNINITIALIZED_AUTOS = YES_AGGRESSIVE;
				GCC_WARN_UNUSED_FUNCTION = YES;
				GCC_WARN_UNUSED_VARIABLE = YES;
				IPHONEOS_DEPLOYMENT_TARGET = 14.0;
				MTL_ENABLE_DEBUG_INFO = NO;
				MTL_FAST_MATH = YES;
				SDKROOT = iphoneos;
				SWIFT_COMPILATION_MODE = wholemodule;
				SWIFT_OPTIMIZATION_LEVEL = "-O";
				VALIDATE_PRODUCT = YES;
			};
			name = Release;
		};
		DD1ECCBB279071DD00FFEA09 /* Debug */ = {
			isa = XCBuildConfiguration;
			baseConfigurationReference = EC34889FCE03CE8458BB3E28 /* Pods-Mock.debug.xcconfig */;
			buildSettings = {
				ASSETCATALOG_COMPILER_APPICON_NAME = AppIcon;
				ASSETCATALOG_COMPILER_GLOBAL_ACCENT_COLOR_NAME = AccentColor;
				CODE_SIGN_STYLE = Automatic;
				DEVELOPMENT_TEAM = 89RH8VT4AJ;
				INFOPLIST_FILE = Mock/Info.plist;
				LD_RUNPATH_SEARCH_PATHS = (
					"$(inherited)",
					"@executable_path/Frameworks",
				);
				PRODUCT_BUNDLE_IDENTIFIER = com.gammad.Mock;
				PRODUCT_NAME = "$(TARGET_NAME)";
				SWIFT_VERSION = 5.0;
				TARGETED_DEVICE_FAMILY = "1,2";
			};
			name = Debug;
		};
		DD1ECCBC279071DD00FFEA09 /* Release */ = {
			isa = XCBuildConfiguration;
			baseConfigurationReference = 31258190440A0B46E26FCEC1 /* Pods-Mock.release.xcconfig */;
			buildSettings = {
				ASSETCATALOG_COMPILER_APPICON_NAME = AppIcon;
				ASSETCATALOG_COMPILER_GLOBAL_ACCENT_COLOR_NAME = AccentColor;
				CODE_SIGN_STYLE = Automatic;
				DEVELOPMENT_TEAM = 89RH8VT4AJ;
				INFOPLIST_FILE = Mock/Info.plist;
				LD_RUNPATH_SEARCH_PATHS = (
					"$(inherited)",
					"@executable_path/Frameworks",
				);
				PRODUCT_BUNDLE_IDENTIFIER = com.gammad.Mock;
				PRODUCT_NAME = "$(TARGET_NAME)";
				SWIFT_VERSION = 5.0;
				TARGETED_DEVICE_FAMILY = "1,2";
			};
			name = Release;
		};
/* End XCBuildConfiguration section */

/* Begin XCConfigurationList section */
		DD1ECC9E279071DA00FFEA09 /* Build configuration list for PBXProject "Mock" */ = {
			isa = XCConfigurationList;
			buildConfigurations = (
				DD1ECCB8279071DD00FFEA09 /* Debug */,
				DD1ECCB9279071DD00FFEA09 /* Release */,
			);
			defaultConfigurationIsVisible = 0;
			defaultConfigurationName = Release;
		};
		DD1ECCBA279071DD00FFEA09 /* Build configuration list for PBXNativeTarget "Mock" */ = {
			isa = XCConfigurationList;
			buildConfigurations = (
				DD1ECCBB279071DD00FFEA09 /* Debug */,
				DD1ECCBC279071DD00FFEA09 /* Release */,
			);
			defaultConfigurationIsVisible = 0;
			defaultConfigurationName = Release;
		};
/* End XCConfigurationList section */

/* Begin XCVersionGroup section */
		DD1ECCAF279071DA00FFEA09 /* Mock.xcdatamodeld */ = {
			isa = XCVersionGroup;
			children = (
				DD1ECCB0279071DA00FFEA09 /* Mock.xcdatamodel */,
			);
			currentVersion = DD1ECCB0279071DA00FFEA09 /* Mock.xcdatamodel */;
			path = Mock.xcdatamodeld;
			sourceTree = "<group>";
			versionGroupType = wrapper.xcdatamodel;
		};
/* End XCVersionGroup section */
	};
	rootObject = DD1ECC9B279071DA00FFEA09 /* Project object */;
}
