// !$*UTF8*$!
{
	archiveVersion = 1;
	classes = {
	};
	objectVersion = 50;
	objects = {

/* Begin PBXBuildFile section */
		6E95080804B0D08E97606420 /* Pods_UI_Day3_2.framework in Frameworks */ = {isa = PBXBuildFile; fileRef = BDB418A03D96A4B33635C0FB /* Pods_UI_Day3_2.framework */; };
		DDFC2472278E952C007DFC44 /* AppDelegate.swift in Sources */ = {isa = PBXBuildFile; fileRef = DDFC2471278E952C007DFC44 /* AppDelegate.swift */; };
		DDFC2474278E952C007DFC44 /* ViewController.swift in Sources */ = {isa = PBXBuildFile; fileRef = DDFC2473278E952C007DFC44 /* ViewController.swift */; };
		DDFC2477278E952C007DFC44 /* Main.storyboard in Resources */ = {isa = PBXBuildFile; fileRef = DDFC2475278E952C007DFC44 /* Main.storyboard */; };
		DDFC2479278E9533007DFC44 /* Assets.xcassets in Resources */ = {isa = PBXBuildFile; fileRef = DDFC2478278E9533007DFC44 /* Assets.xcassets */; };
		DDFC247C278E9533007DFC44 /* LaunchScreen.storyboard in Resources */ = {isa = PBXBuildFile; fileRef = DDFC247A278E9533007DFC44 /* LaunchScreen.storyboard */; };
		DDFC2485278E9661007DFC44 /* TableViewCell.swift in Sources */ = {isa = PBXBuildFile; fileRef = DDFC2483278E9661007DFC44 /* TableViewCell.swift */; };
		DDFC2486278E9661007DFC44 /* TableViewCell.xib in Resources */ = {isa = PBXBuildFile; fileRef = DDFC2484278E9661007DFC44 /* TableViewCell.xib */; };
/* End PBXBuildFile section */

/* Begin PBXFileReference section */
		03FEDF896767C16FCACADD8E /* Pods-UI_Day3.2.debug.xcconfig */ = {isa = PBXFileReference; includeInIndex = 1; lastKnownFileType = text.xcconfig; name = "Pods-UI_Day3.2.debug.xcconfig"; path = "Pods/Target Support Files/Pods-UI_Day3.2/Pods-UI_Day3.2.debug.xcconfig"; sourceTree = "<group>"; };
		4339E4AED642A95683831B73 /* Pods-UI_Day3.2.release.xcconfig */ = {isa = PBXFileReference; includeInIndex = 1; lastKnownFileType = text.xcconfig; name = "Pods-UI_Day3.2.release.xcconfig"; path = "Pods/Target Support Files/Pods-UI_Day3.2/Pods-UI_Day3.2.release.xcconfig"; sourceTree = "<group>"; };
		BDB418A03D96A4B33635C0FB /* Pods_UI_Day3_2.framework */ = {isa = PBXFileReference; explicitFileType = wrapper.framework; includeInIndex = 0; path = Pods_UI_Day3_2.framework; sourceTree = BUILT_PRODUCTS_DIR; };
		DDFC246E278E952C007DFC44 /* UI_Day3.2.app */ = {isa = PBXFileReference; explicitFileType = wrapper.application; includeInIndex = 0; path = UI_Day3.2.app; sourceTree = BUILT_PRODUCTS_DIR; };
		DDFC2471278E952C007DFC44 /* AppDelegate.swift */ = {isa = PBXFileReference; lastKnownFileType = sourcecode.swift; path = AppDelegate.swift; sourceTree = "<group>"; };
		DDFC2473278E952C007DFC44 /* ViewController.swift */ = {isa = PBXFileReference; lastKnownFileType = sourcecode.swift; path = ViewController.swift; sourceTree = "<group>"; };
		DDFC2476278E952C007DFC44 /* Base */ = {isa = PBXFileReference; lastKnownFileType = file.storyboard; name = Base; path = Base.lproj/Main.storyboard; sourceTree = "<group>"; };
		DDFC2478278E9533007DFC44 /* Assets.xcassets */ = {isa = PBXFileReference; lastKnownFileType = folder.assetcatalog; path = Assets.xcassets; sourceTree = "<group>"; };
		DDFC247B278E9533007DFC44 /* Base */ = {isa = PBXFileReference; lastKnownFileType = file.storyboard; name = Base; path = Base.lproj/LaunchScreen.storyboard; sourceTree = "<group>"; };
		DDFC247D278E9533007DFC44 /* Info.plist */ = {isa = PBXFileReference; lastKnownFileType = text.plist.xml; path = Info.plist; sourceTree = "<group>"; };
		DDFC2483278E9661007DFC44 /* TableViewCell.swift */ = {isa = PBXFileReference; lastKnownFileType = sourcecode.swift; path = TableViewCell.swift; sourceTree = "<group>"; };
		DDFC2484278E9661007DFC44 /* TableViewCell.xib */ = {isa = PBXFileReference; lastKnownFileType = file.xib; path = TableViewCell.xib; sourceTree = "<group>"; };
/* End PBXFileReference section */

/* Begin PBXFrameworksBuildPhase section */
		DDFC246B278E952C007DFC44 /* Frameworks */ = {
			isa = PBXFrameworksBuildPhase;
			buildActionMask = 2147483647;
			files = (
				6E95080804B0D08E97606420 /* Pods_UI_Day3_2.framework in Frameworks */,
			);
			runOnlyForDeploymentPostprocessing = 0;
		};
/* End PBXFrameworksBuildPhase section */

/* Begin PBXGroup section */
		3F28F71D7B5D152662AF6421 /* Frameworks */ = {
			isa = PBXGroup;
			children = (
				BDB418A03D96A4B33635C0FB /* Pods_UI_Day3_2.framework */,
			);
			name = Frameworks;
			sourceTree = "<group>";
		};
		7677179773F3FA821D57B111 /* Pods */ = {
			isa = PBXGroup;
			children = (
				03FEDF896767C16FCACADD8E /* Pods-UI_Day3.2.debug.xcconfig */,
				4339E4AED642A95683831B73 /* Pods-UI_Day3.2.release.xcconfig */,
			);
			name = Pods;
			sourceTree = "<group>";
		};
		DDFC2465278E952C007DFC44 = {
			isa = PBXGroup;
			children = (
				DDFC2470278E952C007DFC44 /* UI_Day3.2 */,
				DDFC246F278E952C007DFC44 /* Products */,
				7677179773F3FA821D57B111 /* Pods */,
				3F28F71D7B5D152662AF6421 /* Frameworks */,
			);
			sourceTree = "<group>";
		};
		DDFC246F278E952C007DFC44 /* Products */ = {
			isa = PBXGroup;
			children = (
				DDFC246E278E952C007DFC44 /* UI_Day3.2.app */,
			);
			name = Products;
			sourceTree = "<group>";
		};
		DDFC2470278E952C007DFC44 /* UI_Day3.2 */ = {
			isa = PBXGroup;
			children = (
				DDFC2487278E9669007DFC44 /* cell */,
				DDFC2471278E952C007DFC44 /* AppDelegate.swift */,
				DDFC2473278E952C007DFC44 /* ViewController.swift */,
				DDFC2475278E952C007DFC44 /* Main.storyboard */,
				DDFC2478278E9533007DFC44 /* Assets.xcassets */,
				DDFC247A278E9533007DFC44 /* LaunchScreen.storyboard */,
				DDFC247D278E9533007DFC44 /* Info.plist */,
			);
			path = UI_Day3.2;
			sourceTree = "<group>";
		};
		DDFC2487278E9669007DFC44 /* cell */ = {
			isa = PBXGroup;
			children = (
				DDFC2483278E9661007DFC44 /* TableViewCell.swift */,
				DDFC2484278E9661007DFC44 /* TableViewCell.xib */,
			);
			path = cell;
			sourceTree = "<group>";
		};
/* End PBXGroup section */

/* Begin PBXNativeTarget section */
		DDFC246D278E952C007DFC44 /* UI_Day3.2 */ = {
			isa = PBXNativeTarget;
			buildConfigurationList = DDFC2480278E9533007DFC44 /* Build configuration list for PBXNativeTarget "UI_Day3.2" */;
			buildPhases = (
				C4C489A971AE80B9ED1763AB /* [CP] Check Pods Manifest.lock */,
				DDFC246A278E952C007DFC44 /* Sources */,
				DDFC246B278E952C007DFC44 /* Frameworks */,
				DDFC246C278E952C007DFC44 /* Resources */,
				26BBCAD9A7846ABE2F7347B1 /* [CP] Embed Pods Frameworks */,
			);
			buildRules = (
			);
			dependencies = (
			);
			name = UI_Day3.2;
			productName = UI_Day3.2;
			productReference = DDFC246E278E952C007DFC44 /* UI_Day3.2.app */;
			productType = "com.apple.product-type.application";
		};
/* End PBXNativeTarget section */

/* Begin PBXProject section */
		DDFC2466278E952C007DFC44 /* Project object */ = {
			isa = PBXProject;
			attributes = {
				LastSwiftUpdateCheck = 1020;
				LastUpgradeCheck = 1020;
				ORGANIZATIONNAME = gammad;
				TargetAttributes = {
					DDFC246D278E952C007DFC44 = {
						CreatedOnToolsVersion = 10.2.1;
					};
				};
			};
			buildConfigurationList = DDFC2469278E952C007DFC44 /* Build configuration list for PBXProject "UI_Day3.2" */;
			compatibilityVersion = "Xcode 9.3";
			developmentRegion = en;
			hasScannedForEncodings = 0;
			knownRegions = (
				en,
				Base,
			);
			mainGroup = DDFC2465278E952C007DFC44;
			productRefGroup = DDFC246F278E952C007DFC44 /* Products */;
			projectDirPath = "";
			projectRoot = "";
			targets = (
				DDFC246D278E952C007DFC44 /* UI_Day3.2 */,
			);
		};
/* End PBXProject section */

/* Begin PBXResourcesBuildPhase section */
		DDFC246C278E952C007DFC44 /* Resources */ = {
			isa = PBXResourcesBuildPhase;
			buildActionMask = 2147483647;
			files = (
				DDFC247C278E9533007DFC44 /* LaunchScreen.storyboard in Resources */,
				DDFC2486278E9661007DFC44 /* TableViewCell.xib in Resources */,
				DDFC2479278E9533007DFC44 /* Assets.xcassets in Resources */,
				DDFC2477278E952C007DFC44 /* Main.storyboard in Resources */,
			);
			runOnlyForDeploymentPostprocessing = 0;
		};
/* End PBXResourcesBuildPhase section */

/* Begin PBXShellScriptBuildPhase section */
		26BBCAD9A7846ABE2F7347B1 /* [CP] Embed Pods Frameworks */ = {
			isa = PBXShellScriptBuildPhase;
			buildActionMask = 2147483647;
			files = (
			);
			inputPaths = (
				"${SRCROOT}/Pods/Target Support Files/Pods-UI_Day3.2/Pods-UI_Day3.2-frameworks.sh",
				"${BUILT_PRODUCTS_DIR}/Alamofire/Alamofire.framework",
				"${BUILT_PRODUCTS_DIR}/SDWebImage/SDWebImage.framework",
			);
			name = "[CP] Embed Pods Frameworks";
			outputPaths = (
				"${TARGET_BUILD_DIR}/${FRAMEWORKS_FOLDER_PATH}/Alamofire.framework",
				"${TARGET_BUILD_DIR}/${FRAMEWORKS_FOLDER_PATH}/SDWebImage.framework",
			);
			runOnlyForDeploymentPostprocessing = 0;
			shellPath = /bin/sh;
			shellScript = "\"${SRCROOT}/Pods/Target Support Files/Pods-UI_Day3.2/Pods-UI_Day3.2-frameworks.sh\"\n";
			showEnvVarsInLog = 0;
		};
		C4C489A971AE80B9ED1763AB /* [CP] Check Pods Manifest.lock */ = {
			isa = PBXShellScriptBuildPhase;
			buildActionMask = 2147483647;
			files = (
			);
			inputPaths = (
				"${PODS_PODFILE_DIR_PATH}/Podfile.lock",
				"${PODS_ROOT}/Manifest.lock",
			);
			name = "[CP] Check Pods Manifest.lock";
			outputPaths = (
				"$(DERIVED_FILE_DIR)/Pods-UI_Day3.2-checkManifestLockResult.txt",
			);
			runOnlyForDeploymentPostprocessing = 0;
			shellPath = /bin/sh;
			shellScript = "diff \"${PODS_PODFILE_DIR_PATH}/Podfile.lock\" \"${PODS_ROOT}/Manifest.lock\" > /dev/null\nif [ $? != 0 ] ; then\n    # print error to STDERR\n    echo \"error: The sandbox is not in sync with the Podfile.lock. Run 'pod install' or update your CocoaPods installation.\" >&2\n    exit 1\nfi\n# This output is used by Xcode 'outputs' to avoid re-running this script phase.\necho \"SUCCESS\" > \"${SCRIPT_OUTPUT_FILE_0}\"\n";
			showEnvVarsInLog = 0;
		};
/* End PBXShellScriptBuildPhase section */

/* Begin PBXSourcesBuildPhase section */
		DDFC246A278E952C007DFC44 /* Sources */ = {
			isa = PBXSourcesBuildPhase;
			buildActionMask = 2147483647;
			files = (
				DDFC2485278E9661007DFC44 /* TableViewCell.swift in Sources */,
				DDFC2474278E952C007DFC44 /* ViewController.swift in Sources */,
				DDFC2472278E952C007DFC44 /* AppDelegate.swift in Sources */,
			);
			runOnlyForDeploymentPostprocessing = 0;
		};
/* End PBXSourcesBuildPhase section */

/* Begin PBXVariantGroup section */
		DDFC2475278E952C007DFC44 /* Main.storyboard */ = {
			isa = PBXVariantGroup;
			children = (
				DDFC2476278E952C007DFC44 /* Base */,
			);
			name = Main.storyboard;
			sourceTree = "<group>";
		};
		DDFC247A278E9533007DFC44 /* LaunchScreen.storyboard */ = {
			isa = PBXVariantGroup;
			children = (
				DDFC247B278E9533007DFC44 /* Base */,
			);
			name = LaunchScreen.storyboard;
			sourceTree = "<group>";
		};
/* End PBXVariantGroup section */

/* Begin XCBuildConfiguration section */
		DDFC247E278E9533007DFC44 /* Debug */ = {
			isa = XCBuildConfiguration;
			buildSettings = {
				ALWAYS_SEARCH_USER_PATHS = NO;
				CLANG_ANALYZER_NONNULL = YES;
				CLANG_ANALYZER_NUMBER_OBJECT_CONVERSION = YES_AGGRESSIVE;
				CLANG_CXX_LANGUAGE_STANDARD = "gnu++14";
				CLANG_CXX_LIBRARY = "libc++";
				CLANG_ENABLE_MODULES = YES;
				CLANG_ENABLE_OBJC_ARC = YES;
				CLANG_ENABLE_OBJC_WEAK = YES;
				CLANG_WARN_BLOCK_CAPTURE_AUTORELEASING = YES;
				CLANG_WARN_BOOL_CONVERSION = YES;
				CLANG_WARN_COMMA = YES;
				CLANG_WARN_CONSTANT_CONVERSION = YES;
				CLANG_WARN_DEPRECATED_OBJC_IMPLEMENTATIONS = YES;
				CLANG_WARN_DIRECT_OBJC_ISA_USAGE = YES_ERROR;
				CLANG_WARN_DOCUMENTATION_COMMENTS = YES;
				CLANG_WARN_EMPTY_BODY = YES;
				CLANG_WARN_ENUM_CONVERSION = YES;
				CLANG_WARN_INFINITE_RECURSION = YES;
				CLANG_WARN_INT_CONVERSION = YES;
				CLANG_WARN_NON_LITERAL_NULL_CONVERSION = YES;
				CLANG_WARN_OBJC_IMPLICIT_RETAIN_SELF = YES;
				CLANG_WARN_OBJC_LITERAL_CONVERSION = YES;
				CLANG_WARN_OBJC_ROOT_CLASS = YES_ERROR;
				CLANG_WARN_RANGE_LOOP_ANALYSIS = YES;
				CLANG_WARN_STRICT_PROTOTYPES = YES;
				CLANG_WARN_SUSPICIOUS_MOVE = YES;
				CLANG_WARN_UNGUARDED_AVAILABILITY = YES_AGGRESSIVE;
				CLANG_WARN_UNREACHABLE_CODE = YES;
				CLANG_WARN__DUPLICATE_METHOD_MATCH = YES;
				CODE_SIGN_IDENTITY = "iPhone Developer";
				COPY_PHASE_STRIP = NO;
				DEBUG_INFORMATION_FORMAT = dwarf;
				ENABLE_STRICT_OBJC_MSGSEND = YES;
				ENABLE_TESTABILITY = YES;
				GCC_C_LANGUAGE_STANDARD = gnu11;
				GCC_DYNAMIC_NO_PIC = NO;
				GCC_NO_COMMON_BLOCKS = YES;
				GCC_OPTIMIZATION_LEVEL = 0;
				GCC_PREPROCESSOR_DEFINITIONS = (
					"DEBUG=1",
					"$(inherited)",
				);
				GCC_WARN_64_TO_32_BIT_CONVERSION = YES;
				GCC_WARN_ABOUT_RETURN_TYPE = YES_ERROR;
				GCC_WARN_UNDECLARED_SELECTOR = YES;
				GCC_WARN_UNINITIALIZED_AUTOS = YES_AGGRESSIVE;
				GCC_WARN_UNUSED_FUNCTION = YES;
				GCC_WARN_UNUSED_VARIABLE = YES;
				IPHONEOS_DEPLOYMENT_TARGET = 12.2;
				MTL_ENABLE_DEBUG_INFO = INCLUDE_SOURCE;
				MTL_FAST_MATH = YES;
				ONLY_ACTIVE_ARCH = YES;
				SDKROOT = iphoneos;
				SWIFT_ACTIVE_COMPILATION_CONDITIONS = DEBUG;
				SWIFT_OPTIMIZATION_LEVEL = "-Onone";
			};
			name = Debug;
		};
		DDFC247F278E9533007DFC44 /* Release */ = {
			isa = XCBuildConfiguration;
			buildSettings = {
				ALWAYS_SEARCH_USER_PATHS = NO;
				CLANG_ANALYZER_NONNULL = YES;
				CLANG_ANALYZER_NUMBER_OBJECT_CONVERSION = YES_AGGRESSIVE;
				CLANG_CXX_LANGUAGE_STANDARD = "gnu++14";
				CLANG_CXX_LIBRARY = "libc++";
				CLANG_ENABLE_MODULES = YES;
				CLANG_ENABLE_OBJC_ARC = YES;
				CLANG_ENABLE_OBJC_WEAK = YES;
				CLANG_WARN_BLOCK_CAPTURE_AUTORELEASING = YES;
				CLANG_WARN_BOOL_CONVERSION = YES;
				CLANG_WARN_COMMA = YES;
				CLANG_WARN_CONSTANT_CONVERSION = YES;
				CLANG_WARN_DEPRECATED_OBJC_IMPLEMENTATIONS = YES;
				CLANG_WARN_DIRECT_OBJC_ISA_USAGE = YES_ERROR;
				CLANG_WARN_DOCUMENTATION_COMMENTS = YES;
				CLANG_WARN_EMPTY_BODY = YES;
				CLANG_WARN_ENUM_CONVERSION = YES;
				CLANG_WARN_INFINITE_RECURSION = YES;
				CLANG_WARN_INT_CONVERSION = YES;
				CLANG_WARN_NON_LITERAL_NULL_CONVERSION = YES;
				CLANG_WARN_OBJC_IMPLICIT_RETAIN_SELF = YES;
				CLANG_WARN_OBJC_LITERAL_CONVERSION = YES;
				CLANG_WARN_OBJC_ROOT_CLASS = YES_ERROR;
				CLANG_WARN_RANGE_LOOP_ANALYSIS = YES;
				CLANG_WARN_STRICT_PROTOTYPES = YES;
				CLANG_WARN_SUSPICIOUS_MOVE = YES;
				CLANG_WARN_UNGUARDED_AVAILABILITY = YES_AGGRESSIVE;
				CLANG_WARN_UNREACHABLE_CODE = YES;
				CLANG_WARN__DUPLICATE_METHOD_MATCH = YES;
				CODE_SIGN_IDENTITY = "iPhone Developer";
				COPY_PHASE_STRIP = NO;
				DEBUG_INFORMATION_FORMAT = "dwarf-with-dsym";
				ENABLE_NS_ASSERTIONS = NO;
				ENABLE_STRICT_OBJC_MSGSEND = YES;
				GCC_C_LANGUAGE_STANDARD = gnu11;
				GCC_NO_COMMON_BLOCKS = YES;
				GCC_WARN_64_TO_32_BIT_CONVERSION = YES;
				GCC_WARN_ABOUT_RETURN_TYPE = YES_ERROR;
				GCC_WARN_UNDECLARED_SELECTOR = YES;
				GCC_WARN_UNINITIALIZED_AUTOS = YES_AGGRESSIVE;
				GCC_WARN_UNUSED_FUNCTION = YES;
				GCC_WARN_UNUSED_VARIABLE = YES;
				IPHONEOS_DEPLOYMENT_TARGET = 12.2;
				MTL_ENABLE_DEBUG_INFO = NO;
				MTL_FAST_MATH = YES;
				SDKROOT = iphoneos;
				SWIFT_COMPILATION_MODE = wholemodule;
				SWIFT_OPTIMIZATION_LEVEL = "-O";
				VALIDATE_PRODUCT = YES;
			};
			name = Release;
		};
		DDFC2481278E9533007DFC44 /* Debug */ = {
			isa = XCBuildConfiguration;
			baseConfigurationReference = 03FEDF896767C16FCACADD8E /* Pods-UI_Day3.2.debug.xcconfig */;
			buildSettings = {
				ASSETCATALOG_COMPILER_APPICON_NAME = AppIcon;
				CODE_SIGN_STYLE = Automatic;
				DEVELOPMENT_TEAM = 89RH8VT4AJ;
				INFOPLIST_FILE = UI_Day3.2/Info.plist;
				LD_RUNPATH_SEARCH_PATHS = (
					"$(inherited)",
					"@executable_path/Frameworks",
				);
				PRODUCT_BUNDLE_IDENTIFIER = "com.gammad.UI-Day3-2";
				PRODUCT_NAME = "$(TARGET_NAME)";
				SWIFT_VERSION = 5.0;
				TARGETED_DEVICE_FAMILY = "1,2";
			};
			name = Debug;
		};
		DDFC2482278E9533007DFC44 /* Release */ = {
			isa = XCBuildConfiguration;
			baseConfigurationReference = 4339E4AED642A95683831B73 /* Pods-UI_Day3.2.release.xcconfig */;
			buildSettings = {
				ASSETCATALOG_COMPILER_APPICON_NAME = AppIcon;
				CODE_SIGN_STYLE = Automatic;
				DEVELOPMENT_TEAM = 89RH8VT4AJ;
				INFOPLIST_FILE = UI_Day3.2/Info.plist;
				LD_RUNPATH_SEARCH_PATHS = (
					"$(inherited)",
					"@executable_path/Frameworks",
				);
				PRODUCT_BUNDLE_IDENTIFIER = "com.gammad.UI-Day3-2";
				PRODUCT_NAME = "$(TARGET_NAME)";
				SWIFT_VERSION = 5.0;
				TARGETED_DEVICE_FAMILY = "1,2";
			};
			name = Release;
		};
/* End XCBuildConfiguration section */

/* Begin XCConfigurationList section */
		DDFC2469278E952C007DFC44 /* Build configuration list for PBXProject "UI_Day3.2" */ = {
			isa = XCConfigurationList;
			buildConfigurations = (
				DDFC247E278E9533007DFC44 /* Debug */,
				DDFC247F278E9533007DFC44 /* Release */,
			);
			defaultConfigurationIsVisible = 0;
			defaultConfigurationName = Release;
		};
		DDFC2480278E9533007DFC44 /* Build configuration list for PBXNativeTarget "UI_Day3.2" */ = {
			isa = XCConfigurationList;
			buildConfigurations = (
				DDFC2481278E9533007DFC44 /* Debug */,
				DDFC2482278E9533007DFC44 /* Release */,
			);
			defaultConfigurationIsVisible = 0;
			defaultConfigurationName = Release;
		};
/* End XCConfigurationList section */
	};
	rootObject = DDFC2466278E952C007DFC44 /* Project object */;
}
